
Microsoft Visual Studio Solution File, Format Version 12.00
# Visual Studio Version 17
VisualStudioVersion = 17.0.31903.59
MinimumVisualStudioVersion = 10.0.40219.1
Project("{FAE04EC0-301F-11D3-BF4B-00C04F79EFBC}") = "Application.Api", "Application.Api\Application.Api.csproj", "{52F465D0-18BB-4105-A17F-4785D58E8BBB}"
EndProject
Project("{FAE04EC0-301F-11D3-BF4B-00C04F79EFBC}") = "Application.Host", "Application.Host\Application.Host.csproj", "{D35A2CCD-F3CC-4E2F-B72B-0CA9C8A8ABCF}"
EndProject
Global
	GlobalSection(SolutionConfigurationPlatforms) = preSolution
		Debug|Any CPU = Debug|Any CPU
		Release|Any CPU = Release|Any CPU
	EndGlobalSection
	GlobalSection(SolutionProperties) = preSolution
		HideSolutionNode = FALSE
	EndGlobalSection
	GlobalSection(ProjectConfigurationPlatforms) = postSolution
		{52F465D0-18BB-4105-A17F-4785D58E8BBB}.Debug|Any CPU.ActiveCfg = Debug|Any CPU
		{52F465D0-18BB-4105-A17F-4785D58E8BBB}.Debug|Any CPU.Build.0 = Debug|Any CPU
		{52F465D0-18BB-4105-A17F-4785D58E8BBB}.Release|Any CPU.ActiveCfg = Release|Any CPU
		{52F465D0-18BB-4105-A17F-4785D58E8BBB}.Release|Any CPU.Build.0 = Release|Any CPU
		{D35A2CCD-F3CC-4E2F-B72B-0CA9C8A8ABCF}.Debug|Any CPU.ActiveCfg = Debug|Any CPU
		{D35A2CCD-F3CC-4E2F-B72B-0CA9C8A8ABCF}.Debug|Any CPU.Build.0 = Debug|Any CPU
		{D35A2CCD-F3CC-4E2F-B72B-0CA9C8A8ABCF}.Release|Any CPU.ActiveCfg = Release|Any CPU
		{D35A2CCD-F3CC-4E2F-B72B-0CA9C8A8ABCF}.Release|Any CPU.Build.0 = Release|Any CPU
	EndGlobalSection
EndGlobal
